
Microsoft Visual Studio Solution File, Format Version 12.00
# Visual Studio Version 17
VisualStudioVersion = 17.8.34316.72
MinimumVisualStudioVersion = 10.0.40219.1
Project("{FAE04EC0-301F-11D3-BF4B-00C04F79EFBC}") = "BookInventory", "BookInventory\BookInventory.csproj", "{F3A7EE30-963A-4000-8D6C-CE06D8154759}"
EndProject
Project("{9A19103F-16F7-4668-BE54-9A1E7A4F7556}") = "BookInventory.DataAccess", "BookInventory.DataAccess\BookInventory.DataAccess.csproj", "{C9A79F43-DFA8-414C-AC88-1C079E15C2F6}"
EndProject
Project("{FAE04EC0-301F-11D3-BF4B-00C04F79EFBC}") = "BookInventory.Tests", "BookInventory.Tests\BookInventory.Tests.csproj", "{5D534812-12A8-4088-B1AB-6A1C285CA3BE}"
EndProject
Project("{FAE04EC0-301F-11D3-BF4B-00C04F79EFBC}") = "BookInventory.Models", "BookInventory.Models\BookInventory.Models.csproj", "{1E05166B-29E7-4A6B-85A4-DCF4F9FDC7E7}"
EndProject
Project("{FAE04EC0-301F-11D3-BF4B-00C04F79EFBC}") = "BookInventory.WebApi", "BookInventory.WebApi\BookInventory.WebApi.csproj", "{1B118173-72E7-492F-88E2-C5B3A7918092}"
EndProject
Global
	GlobalSection(SolutionConfigurationPlatforms) = preSolution
		Debug|Any CPU = Debug|Any CPU
		Release|Any CPU = Release|Any CPU
	EndGlobalSection
	GlobalSection(ProjectConfigurationPlatforms) = postSolution
		{F3A7EE30-963A-4000-8D6C-CE06D8154759}.Debug|Any CPU.ActiveCfg = Debug|Any CPU
		{F3A7EE30-963A-4000-8D6C-CE06D8154759}.Debug|Any CPU.Build.0 = Debug|Any CPU
		{F3A7EE30-963A-4000-8D6C-CE06D8154759}.Release|Any CPU.ActiveCfg = Release|Any CPU
		{F3A7EE30-963A-4000-8D6C-CE06D8154759}.Release|Any CPU.Build.0 = Release|Any CPU
		{C9A79F43-DFA8-414C-AC88-1C079E15C2F6}.Debug|Any CPU.ActiveCfg = Debug|Any CPU
		{C9A79F43-DFA8-414C-AC88-1C079E15C2F6}.Debug|Any CPU.Build.0 = Debug|Any CPU
		{C9A79F43-DFA8-414C-AC88-1C079E15C2F6}.Release|Any CPU.ActiveCfg = Release|Any CPU
		{C9A79F43-DFA8-414C-AC88-1C079E15C2F6}.Release|Any CPU.Build.0 = Release|Any CPU
		{5D534812-12A8-4088-B1AB-6A1C285CA3BE}.Debug|Any CPU.ActiveCfg = Debug|Any CPU
		{5D534812-12A8-4088-B1AB-6A1C285CA3BE}.Debug|Any CPU.Build.0 = Debug|Any CPU
		{5D534812-12A8-4088-B1AB-6A1C285CA3BE}.Release|Any CPU.ActiveCfg = Release|Any CPU
		{5D534812-12A8-4088-B1AB-6A1C285CA3BE}.Release|Any CPU.Build.0 = Release|Any CPU
		{1E05166B-29E7-4A6B-85A4-DCF4F9FDC7E7}.Debug|Any CPU.ActiveCfg = Debug|Any CPU
		{1E05166B-29E7-4A6B-85A4-DCF4F9FDC7E7}.Debug|Any CPU.Build.0 = Debug|Any CPU
		{1E05166B-29E7-4A6B-85A4-DCF4F9FDC7E7}.Release|Any CPU.ActiveCfg = Release|Any CPU
		{1E05166B-29E7-4A6B-85A4-DCF4F9FDC7E7}.Release|Any CPU.Build.0 = Release|Any CPU
		{1B118173-72E7-492F-88E2-C5B3A7918092}.Debug|Any CPU.ActiveCfg = Debug|Any CPU
		{1B118173-72E7-492F-88E2-C5B3A7918092}.Debug|Any CPU.Build.0 = Debug|Any CPU
		{1B118173-72E7-492F-88E2-C5B3A7918092}.Release|Any CPU.ActiveCfg = Release|Any CPU
		{1B118173-72E7-492F-88E2-C5B3A7918092}.Release|Any CPU.Build.0 = Release|Any CPU
	EndGlobalSection
	GlobalSection(SolutionProperties) = preSolution
		HideSolutionNode = FALSE
	EndGlobalSection
	GlobalSection(ExtensibilityGlobals) = postSolution
		SolutionGuid = {C948BA5D-D0FC-4248-AB5E-251004ED8077}
	EndGlobalSection
EndGlobal
